PODS:
  - FMDB (2.6.2):
    - FMDB/standard (= 2.6.2)
  - FMDB/standard (2.6.2)
  - TagListView (1.0.0)

DEPENDENCIES:
  - FMDB
  - TagListView

SPEC CHECKSUMS:
  FMDB: 854a0341b4726e53276f2a8996f06f1b80f9259a
  TagListView: 6bf4bded034c4c90b1e90d8cd3d8e1d852dba0a8

PODFILE CHECKSUM: 484edc3caa912ddfef286337eecf24b1108447df

COCOAPODS: 1.0.1
