PODS:
  - FMDB (2.6.2):
    - FMDB/standard (= 2.6.2)
  - FMDB/standard (2.6.2)
  - TagListView (1.1.0)

DEPENDENCIES:
  - FMDB
  - TagListView

SPEC CHECKSUMS:
  FMDB: 854a0341b4726e53276f2a8996f06f1b80f9259a
  TagListView: d0267a71393f3c73db5c9ea2f979ac1125fcab56

PODFILE CHECKSUM: 484edc3caa912ddfef286337eecf24b1108447df

COCOAPODS: 1.1.0.rc.2
